
Microsoft Visual Studio Solution File, Format Version 12.00
# Visual Studio Version 16
VisualStudioVersion = 16.0.33423.256
MinimumVisualStudioVersion = 10.0.40219.1
Project("{FAE04EC0-301F-11D3-BF4B-00C04F79EFBC}") = "OOp Console Application", "OOp Console Application.csproj", "{2B21E08B-421B-49E6-8C73-AC3DE0519110}"
EndProject
Global
	GlobalSection(SolutionConfigurationPlatforms) = preSolution
		Debug|Any CPU = Debug|Any CPU
		Release|Any CPU = Release|Any CPU
	EndGlobalSection
	GlobalSection(ProjectConfigurationPlatforms) = postSolution
		{2B21E08B-421B-49E6-8C73-AC3DE0519110}.Debug|Any CPU.ActiveCfg = Debug|Any CPU
		{2B21E08B-421B-49E6-8C73-AC3DE0519110}.Debug|Any CPU.Build.0 = Debug|Any CPU
		{2B21E08B-421B-49E6-8C73-AC3DE0519110}.Release|Any CPU.ActiveCfg = Release|Any CPU
		{2B21E08B-421B-49E6-8C73-AC3DE0519110}.Release|Any CPU.Build.0 = Release|Any CPU
	EndGlobalSection
	GlobalSection(SolutionProperties) = preSolution
		HideSolutionNode = FALSE
	EndGlobalSection
	GlobalSection(ExtensibilityGlobals) = postSolution
		SolutionGuid = {C0639D0E-070B-4D9D-B477-D20C93597888}
	EndGlobalSection
EndGlobal
